{
    "_meta": {
        "hash": {
            "sha256": "30c48183c9ba2f7a387ccc2ae8da05f735d67e6474e8af8f665e6f863c9e11a6"
        },
        "pipfile-spec": 6,
        "requires": {
            "python_version": "3"
        },
        "sources": [
            {
                "name": "pypi",
                "url": "https://pypi.org/simple",
                "verify_ssl": true
            }
        ]
    },
    "default": {},
    "develop": {}
}
